// !$*UTF8*$!
{
	archiveVersion = 1;
	classes = {
	};
	objectVersion = 50;
	objects = {

/* Begin PBXBuildFile section */
		36FBE99A2ACEC4A500141386 /* AppDelegate.swift in Sources */ = {isa = PBXBuildFile; fileRef = 36FBE9992ACEC4A500141386 /* AppDelegate.swift */; };
		36FBE99C2ACEC4A500141386 /* SceneDelegate.swift in Sources */ = {isa = PBXBuildFile; fileRef = 36FBE99B2ACEC4A500141386 /* SceneDelegate.swift */; };
		36FBE99E2ACEC4A500141386 /* ViewController.swift in Sources */ = {isa = PBXBuildFile; fileRef = 36FBE99D2ACEC4A500141386 /* ViewController.swift */; };
		36FBE9A12ACEC4A500141386 /* Main.storyboard in Resources */ = {isa = PBXBuildFile; fileRef = 36FBE99F2ACEC4A500141386 /* Main.storyboard */; };
		36FBE9A32ACEC4A600141386 /* Assets.xcassets in Resources */ = {isa = PBXBuildFile; fileRef = 36FBE9A22ACEC4A600141386 /* Assets.xcassets */; };
		36FBE9A62ACEC4A600141386 /* LaunchScreen.storyboard in Resources */ = {isa = PBXBuildFile; fileRef = 36FBE9A42ACEC4A600141386 /* LaunchScreen.storyboard */; };
		36FBE9B12ACEC4A600141386 /* _2_ActividadTests.swift in Sources */ = {isa = PBXBuildFile; fileRef = 36FBE9B02ACEC4A600141386 /* _2_ActividadTests.swift */; };
		36FBE9BC2ACEC4A600141386 /* _2_ActividadUITests.swift in Sources */ = {isa = PBXBuildFile; fileRef = 36FBE9BB2ACEC4A600141386 /* _2_ActividadUITests.swift */; };
		36FBE9D62ACEC88200141386 /* Ventana2ViewController.swift in Sources */ = {isa = PBXBuildFile; fileRef = 36FBE9D52ACEC88200141386 /* Ventana2ViewController.swift */; };
/* End PBXBuildFile section */

/* Begin PBXContainerItemProxy section */
		36FBE9AD2ACEC4A600141386 /* PBXContainerItemProxy */ = {
			isa = PBXContainerItemProxy;
			containerPortal = 36FBE98E2ACEC4A500141386 /* Project object */;
			proxyType = 1;
			remoteGlobalIDString = 36FBE9952ACEC4A500141386;
			remoteInfo = "02 Actividad";
		};
		36FBE9B82ACEC4A600141386 /* PBXContainerItemProxy */ = {
			isa = PBXContainerItemProxy;
			containerPortal = 36FBE98E2ACEC4A500141386 /* Project object */;
			proxyType = 1;
			remoteGlobalIDString = 36FBE9952ACEC4A500141386;
			remoteInfo = "02 Actividad";
		};
/* End PBXContainerItemProxy section */

/* Begin PBXFileReference section */
		36FBE9962ACEC4A500141386 /* 02 Actividad.app */ = {isa = PBXFileReference; explicitFileType = wrapper.application; includeInIndex = 0; path = "02 Actividad.app"; sourceTree = BUILT_PRODUCTS_DIR; };
		36FBE9992ACEC4A500141386 /* AppDelegate.swift */ = {isa = PBXFileReference; lastKnownFileType = sourcecode.swift; path = AppDelegate.swift; sourceTree = "<group>"; };
		36FBE99B2ACEC4A500141386 /* SceneDelegate.swift */ = {isa = PBXFileReference; lastKnownFileType = sourcecode.swift; path = SceneDelegate.swift; sourceTree = "<group>"; };
		36FBE99D2ACEC4A500141386 /* ViewController.swift */ = {isa = PBXFileReference; lastKnownFileType = sourcecode.swift; path = ViewController.swift; sourceTree = "<group>"; };
		36FBE9A02ACEC4A500141386 /* Base */ = {isa = PBXFileReference; lastKnownFileType = file.storyboard; name = Base; path = Base.lproj/Main.storyboard; sourceTree = "<group>"; };
		36FBE9A22ACEC4A600141386 /* Assets.xcassets */ = {isa = PBXFileReference; lastKnownFileType = folder.assetcatalog; path = Assets.xcassets; sourceTree = "<group>"; };
		36FBE9A52ACEC4A600141386 /* Base */ = {isa = PBXFileReference; lastKnownFileType = file.storyboard; name = Base; path = Base.lproj/LaunchScreen.storyboard; sourceTree = "<group>"; };
		36FBE9A72ACEC4A600141386 /* Info.plist */ = {isa = PBXFileReference; lastKnownFileType = text.plist.xml; path = Info.plist; sourceTree = "<group>"; };
		36FBE9AC2ACEC4A600141386 /* 02 ActividadTests.xctest */ = {isa = PBXFileReference; explicitFileType = wrapper.cfbundle; includeInIndex = 0; path = "02 ActividadTests.xctest"; sourceTree = BUILT_PRODUCTS_DIR; };
		36FBE9B02ACEC4A600141386 /* _2_ActividadTests.swift */ = {isa = PBXFileReference; lastKnownFileType = sourcecode.swift; path = _2_ActividadTests.swift; sourceTree = "<group>"; };
		36FBE9B22ACEC4A600141386 /* Info.plist */ = {isa = PBXFileReference; lastKnownFileType = text.plist.xml; path = Info.plist; sourceTree = "<group>"; };
		36FBE9B72ACEC4A600141386 /* 02 ActividadUITests.xctest */ = {isa = PBXFileReference; explicitFileType = wrapper.cfbundle; includeInIndex = 0; path = "02 ActividadUITests.xctest"; sourceTree = BUILT_PRODUCTS_DIR; };
		36FBE9BB2ACEC4A600141386 /* _2_ActividadUITests.swift */ = {isa = PBXFileReference; lastKnownFileType = sourcecode.swift; path = _2_ActividadUITests.swift; sourceTree = "<group>"; };
		36FBE9BD2ACEC4A600141386 /* Info.plist */ = {isa = PBXFileReference; lastKnownFileType = text.plist.xml; path = Info.plist; sourceTree = "<group>"; };
		36FBE9D52ACEC88200141386 /* Ventana2ViewController.swift */ = {isa = PBXFileReference; lastKnownFileType = sourcecode.swift; path = Ventana2ViewController.swift; sourceTree = "<group>"; };
/* End PBXFileReference section */

/* Begin PBXFrameworksBuildPhase section */
		36FBE9932ACEC4A500141386 /* Frameworks */ = {
			isa = PBXFrameworksBuildPhase;
			buildActionMask = 2147483647;
			files = (
			);
			runOnlyForDeploymentPostprocessing = 0;
		};
		36FBE9A92ACEC4A600141386 /* Frameworks */ = {
			isa = PBXFrameworksBuildPhase;
			buildActionMask = 2147483647;
			files = (
			);
			runOnlyForDeploymentPostprocessing = 0;
		};
		36FBE9B42ACEC4A600141386 /* Frameworks */ = {
			isa = PBXFrameworksBuildPhase;
			buildActionMask = 2147483647;
			files = (
			);
			runOnlyForDeploymentPostprocessing = 0;
		};
/* End PBXFrameworksBuildPhase section */

/* Begin PBXGroup section */
		36FBE98D2ACEC4A500141386 = {
			isa = PBXGroup;
			children = (
				36FBE9982ACEC4A500141386 /* 02 Actividad */,
				36FBE9AF2ACEC4A600141386 /* 02 ActividadTests */,
				36FBE9BA2ACEC4A600141386 /* 02 ActividadUITests */,
				36FBE9972ACEC4A500141386 /* Products */,
			);
			sourceTree = "<group>";
		};
		36FBE9972ACEC4A500141386 /* Products */ = {
			isa = PBXGroup;
			children = (
				36FBE9962ACEC4A500141386 /* 02 Actividad.app */,
				36FBE9AC2ACEC4A600141386 /* 02 ActividadTests.xctest */,
				36FBE9B72ACEC4A600141386 /* 02 ActividadUITests.xctest */,
			);
			name = Products;
			sourceTree = "<group>";
		};
		36FBE9982ACEC4A500141386 /* 02 Actividad */ = {
			isa = PBXGroup;
			children = (
				36FBE9992ACEC4A500141386 /* AppDelegate.swift */,
				36FBE99B2ACEC4A500141386 /* SceneDelegate.swift */,
				36FBE99D2ACEC4A500141386 /* ViewController.swift */,
				36FBE99F2ACEC4A500141386 /* Main.storyboard */,
				36FBE9A22ACEC4A600141386 /* Assets.xcassets */,
				36FBE9A42ACEC4A600141386 /* LaunchScreen.storyboard */,
				36FBE9A72ACEC4A600141386 /* Info.plist */,
				36FBE9D52ACEC88200141386 /* Ventana2ViewController.swift */,
			);
			path = "02 Actividad";
			sourceTree = "<group>";
		};
		36FBE9AF2ACEC4A600141386 /* 02 ActividadTests */ = {
			isa = PBXGroup;
			children = (
				36FBE9B02ACEC4A600141386 /* _2_ActividadTests.swift */,
				36FBE9B22ACEC4A600141386 /* Info.plist */,
			);
			path = "02 ActividadTests";
			sourceTree = "<group>";
		};
		36FBE9BA2ACEC4A600141386 /* 02 ActividadUITests */ = {
			isa = PBXGroup;
			children = (
				36FBE9BB2ACEC4A600141386 /* _2_ActividadUITests.swift */,
				36FBE9BD2ACEC4A600141386 /* Info.plist */,
			);
			path = "02 ActividadUITests";
			sourceTree = "<group>";
		};
/* End PBXGroup section */

/* Begin PBXNativeTarget section */
		36FBE9952ACEC4A500141386 /* 02 Actividad */ = {
			isa = PBXNativeTarget;
			buildConfigurationList = 36FBE9C02ACEC4A600141386 /* Build configuration list for PBXNativeTarget "02 Actividad" */;
			buildPhases = (
				36FBE9922ACEC4A500141386 /* Sources */,
				36FBE9932ACEC4A500141386 /* Frameworks */,
				36FBE9942ACEC4A500141386 /* Resources */,
			);
			buildRules = (
			);
			dependencies = (
			);
			name = "02 Actividad";
			productName = "02 Actividad";
			productReference = 36FBE9962ACEC4A500141386 /* 02 Actividad.app */;
			productType = "com.apple.product-type.application";
		};
		36FBE9AB2ACEC4A600141386 /* 02 ActividadTests */ = {
			isa = PBXNativeTarget;
			buildConfigurationList = 36FBE9C32ACEC4A600141386 /* Build configuration list for PBXNativeTarget "02 ActividadTests" */;
			buildPhases = (
				36FBE9A82ACEC4A600141386 /* Sources */,
				36FBE9A92ACEC4A600141386 /* Frameworks */,
				36FBE9AA2ACEC4A600141386 /* Resources */,
			);
			buildRules = (
			);
			dependencies = (
				36FBE9AE2ACEC4A600141386 /* PBXTargetDependency */,
			);
			name = "02 ActividadTests";
			productName = "02 ActividadTests";
			productReference = 36FBE9AC2ACEC4A600141386 /* 02 ActividadTests.xctest */;
			productType = "com.apple.product-type.bundle.unit-test";
		};
		36FBE9B62ACEC4A600141386 /* 02 ActividadUITests */ = {
			isa = PBXNativeTarget;
			buildConfigurationList = 36FBE9C62ACEC4A600141386 /* Build configuration list for PBXNativeTarget "02 ActividadUITests" */;
			buildPhases = (
				36FBE9B32ACEC4A600141386 /* Sources */,
				36FBE9B42ACEC4A600141386 /* Frameworks */,
				36FBE9B52ACEC4A600141386 /* Resources */,
			);
			buildRules = (
			);
			dependencies = (
				36FBE9B92ACEC4A600141386 /* PBXTargetDependency */,
			);
			name = "02 ActividadUITests";
			productName = "02 ActividadUITests";
			productReference = 36FBE9B72ACEC4A600141386 /* 02 ActividadUITests.xctest */;
			productType = "com.apple.product-type.bundle.ui-testing";
		};
/* End PBXNativeTarget section */

/* Begin PBXProject section */
		36FBE98E2ACEC4A500141386 /* Project object */ = {
			isa = PBXProject;
			attributes = {
				LastSwiftUpdateCheck = 1240;
				LastUpgradeCheck = 1240;
				TargetAttributes = {
					36FBE9952ACEC4A500141386 = {
						CreatedOnToolsVersion = 12.4;
					};
					36FBE9AB2ACEC4A600141386 = {
						CreatedOnToolsVersion = 12.4;
						TestTargetID = 36FBE9952ACEC4A500141386;
					};
					36FBE9B62ACEC4A600141386 = {
						CreatedOnToolsVersion = 12.4;
						TestTargetID = 36FBE9952ACEC4A500141386;
					};
				};
			};
			buildConfigurationList = 36FBE9912ACEC4A500141386 /* Build configuration list for PBXProject "02 Actividad" */;
			compatibilityVersion = "Xcode 9.3";
			developmentRegion = en;
			hasScannedForEncodings = 0;
			knownRegions = (
				en,
				Base,
			);
			mainGroup = 36FBE98D2ACEC4A500141386;
			productRefGroup = 36FBE9972ACEC4A500141386 /* Products */;
			projectDirPath = "";
			projectRoot = "";
			targets = (
				36FBE9952ACEC4A500141386 /* 02 Actividad */,
				36FBE9AB2ACEC4A600141386 /* 02 ActividadTests */,
				36FBE9B62ACEC4A600141386 /* 02 ActividadUITests */,
			);
		};
/* End PBXProject section */

/* Begin PBXResourcesBuildPhase section */
		36FBE9942ACEC4A500141386 /* Resources */ = {
			isa = PBXResourcesBuildPhase;
			buildActionMask = 2147483647;
			files = (
				36FBE9A62ACEC4A600141386 /* LaunchScreen.storyboard in Resources */,
				36FBE9A32ACEC4A600141386 /* Assets.xcassets in Resources */,
				36FBE9A12ACEC4A500141386 /* Main.storyboard in Resources */,
			);
			runOnlyForDeploymentPostprocessing = 0;
		};
		36FBE9AA2ACEC4A600141386 /* Resources */ = {
			isa = PBXResourcesBuildPhase;
			buildActionMask = 2147483647;
			files = (
			);
			runOnlyForDeploymentPostprocessing = 0;
		};
		36FBE9B52ACEC4A600141386 /* Resources */ = {
			isa = PBXResourcesBuildPhase;
			buildActionMask = 2147483647;
			files = (
			);
			runOnlyForDeploymentPostprocessing = 0;
		};
/* End PBXResourcesBuildPhase section */

/* Begin PBXSourcesBuildPhase section */
		36FBE9922ACEC4A500141386 /* Sources */ = {
			isa = PBXSourcesBuildPhase;
			buildActionMask = 2147483647;
			files = (
				36FBE99E2ACEC4A500141386 /* ViewController.swift in Sources */,
				36FBE9D62ACEC88200141386 /* Ventana2ViewController.swift in Sources */,
				36FBE99A2ACEC4A500141386 /* AppDelegate.swift in Sources */,
				36FBE99C2ACEC4A500141386 /* SceneDelegate.swift in Sources */,
			);
			runOnlyForDeploymentPostprocessing = 0;
		};
		36FBE9A82ACEC4A600141386 /* Sources */ = {
			isa = PBXSourcesBuildPhase;
			buildActionMask = 2147483647;
			files = (
				36FBE9B12ACEC4A600141386 /* _2_ActividadTests.swift in Sources */,
			);
			runOnlyForDeploymentPostprocessing = 0;
		};
		36FBE9B32ACEC4A600141386 /* Sources */ = {
			isa = PBXSourcesBuildPhase;
			buildActionMask = 2147483647;
			files = (
				36FBE9BC2ACEC4A600141386 /* _2_ActividadUITests.swift in Sources */,
			);
			runOnlyForDeploymentPostprocessing = 0;
		};
/* End PBXSourcesBuildPhase section */

/* Begin PBXTargetDependency section */
		36FBE9AE2ACEC4A600141386 /* PBXTargetDependency */ = {
			isa = PBXTargetDependency;
			target = 36FBE9952ACEC4A500141386 /* 02 Actividad */;
			targetProxy = 36FBE9AD2ACEC4A600141386 /* PBXContainerItemProxy */;
		};
		36FBE9B92ACEC4A600141386 /* PBXTargetDependency */ = {
			isa = PBXTargetDependency;
			target = 36FBE9952ACEC4A500141386 /* 02 Actividad */;
			targetProxy = 36FBE9B82ACEC4A600141386 /* PBXContainerItemProxy */;
		};
/* End PBXTargetDependency section */

/* Begin PBXVariantGroup section */
		36FBE99F2ACEC4A500141386 /* Main.storyboard */ = {
			isa = PBXVariantGroup;
			children = (
				36FBE9A02ACEC4A500141386 /* Base */,
			);
			name = Main.storyboard;
			sourceTree = "<group>";
		};
		36FBE9A42ACEC4A600141386 /* LaunchScreen.storyboard */ = {
			isa = PBXVariantGroup;
			children = (
				36FBE9A52ACEC4A600141386 /* Base */,
			);
			name = LaunchScreen.storyboard;
			sourceTree = "<group>";
		};
/* End PBXVariantGroup section */

/* Begin XCBuildConfiguration section */
		36FBE9BE2ACEC4A600141386 /* Debug */ = {
			isa = XCBuildConfiguration;
			buildSettings = {
				ALWAYS_SEARCH_USER_PATHS = NO;
				CLANG_ANALYZER_NONNULL = YES;
				CLANG_ANALYZER_NUMBER_OBJECT_CONVERSION = YES_AGGRESSIVE;
				CLANG_CXX_LANGUAGE_STANDARD = "gnu++14";
				CLANG_CXX_LIBRARY = "libc++";
				CLANG_ENABLE_MODULES = YES;
				CLANG_ENABLE_OBJC_ARC = YES;
				CLANG_ENABLE_OBJC_WEAK = YES;
				CLANG_WARN_BLOCK_CAPTURE_AUTORELEASING = YES;
				CLANG_WARN_BOOL_CONVERSION = YES;
				CLANG_WARN_COMMA = YES;
				CLANG_WARN_CONSTANT_CONVERSION = YES;
				CLANG_WARN_DEPRECATED_OBJC_IMPLEMENTATIONS = YES;
				CLANG_WARN_DIRECT_OBJC_ISA_USAGE = YES_ERROR;
				CLANG_WARN_DOCUMENTATION_COMMENTS = YES;
				CLANG_WARN_EMPTY_BODY = YES;
				CLANG_WARN_ENUM_CONVERSION = YES;
				CLANG_WARN_INFINITE_RECURSION = YES;
				CLANG_WARN_INT_CONVERSION = YES;
				CLANG_WARN_NON_LITERAL_NULL_CONVERSION = YES;
				CLANG_WARN_OBJC_IMPLICIT_RETAIN_SELF = YES;
				CLANG_WARN_OBJC_LITERAL_CONVERSION = YES;
				CLANG_WARN_OBJC_ROOT_CLASS = YES_ERROR;
				CLANG_WARN_QUOTED_INCLUDE_IN_FRAMEWORK_HEADER = YES;
				CLANG_WARN_RANGE_LOOP_ANALYSIS = YES;
				CLANG_WARN_STRICT_PROTOTYPES = YES;
				CLANG_WARN_SUSPICIOUS_MOVE = YES;
				CLANG_WARN_UNGUARDED_AVAILABILITY = YES_AGGRESSIVE;
				CLANG_WARN_UNREACHABLE_CODE = YES;
				CLANG_WARN__DUPLICATE_METHOD_MATCH = YES;
				COPY_PHASE_STRIP = NO;
				DEBUG_INFORMATION_FORMAT = dwarf;
				ENABLE_STRICT_OBJC_MSGSEND = YES;
				ENABLE_TESTABILITY = YES;
				GCC_C_LANGUAGE_STANDARD = gnu11;
				GCC_DYNAMIC_NO_PIC = NO;
				GCC_NO_COMMON_BLOCKS = YES;
				GCC_OPTIMIZATION_LEVEL = 0;
				GCC_PREPROCESSOR_DEFINITIONS = (
					"DEBUG=1",
					"$(inherited)",
				);
				GCC_WARN_64_TO_32_BIT_CONVERSION = YES;
				GCC_WARN_ABOUT_RETURN_TYPE = YES_ERROR;
				GCC_WARN_UNDECLARED_SELECTOR = YES;
				GCC_WARN_UNINITIALIZED_AUTOS = YES_AGGRESSIVE;
				GCC_WARN_UNUSED_FUNCTION = YES;
				GCC_WARN_UNUSED_VARIABLE = YES;
				IPHONEOS_DEPLOYMENT_TARGET = 14.4;
				MTL_ENABLE_DEBUG_INFO = INCLUDE_SOURCE;
				MTL_FAST_MATH = YES;
				ONLY_ACTIVE_ARCH = YES;
				SDKROOT = iphoneos;
				SWIFT_ACTIVE_COMPILATION_CONDITIONS = DEBUG;
				SWIFT_OPTIMIZATION_LEVEL = "-Onone";
			};
			name = Debug;
		};
		36FBE9BF2ACEC4A600141386 /* Release */ = {
			isa = XCBuildConfiguration;
			buildSettings = {
				ALWAYS_SEARCH_USER_PATHS = NO;
				CLANG_ANALYZER_NONNULL = YES;
				CLANG_ANALYZER_NUMBER_OBJECT_CONVERSION = YES_AGGRESSIVE;
				CLANG_CXX_LANGUAGE_STANDARD = "gnu++14";
				CLANG_CXX_LIBRARY = "libc++";
				CLANG_ENABLE_MODULES = YES;
				CLANG_ENABLE_OBJC_ARC = YES;
				CLANG_ENABLE_OBJC_WEAK = YES;
				CLANG_WARN_BLOCK_CAPTURE_AUTORELEASING = YES;
				CLANG_WARN_BOOL_CONVERSION = YES;
				CLANG_WARN_COMMA = YES;
				CLANG_WARN_CONSTANT_CONVERSION = YES;
				CLANG_WARN_DEPRECATED_OBJC_IMPLEMENTATIONS = YES;
				CLANG_WARN_DIRECT_OBJC_ISA_USAGE = YES_ERROR;
				CLANG_WARN_DOCUMENTATION_COMMENTS = YES;
				CLANG_WARN_EMPTY_BODY = YES;
				CLANG_WARN_ENUM_CONVERSION = YES;
				CLANG_WARN_INFINITE_RECURSION = YES;
				CLANG_WARN_INT_CONVERSION = YES;
				CLANG_WARN_NON_LITERAL_NULL_CONVERSION = YES;
				CLANG_WARN_OBJC_IMPLICIT_RETAIN_SELF = YES;
				CLANG_WARN_OBJC_LITERAL_CONVERSION = YES;
				CLANG_WARN_OBJC_ROOT_CLASS = YES_ERROR;
				CLANG_WARN_QUOTED_INCLUDE_IN_FRAMEWORK_HEADER = YES;
				CLANG_WARN_RANGE_LOOP_ANALYSIS = YES;
				CLANG_WARN_STRICT_PROTOTYPES = YES;
				CLANG_WARN_SUSPICIOUS_MOVE = YES;
				CLANG_WARN_UNGUARDED_AVAILABILITY = YES_AGGRESSIVE;
				CLANG_WARN_UNREACHABLE_CODE = YES;
				CLANG_WARN__DUPLICATE_METHOD_MATCH = YES;
				COPY_PHASE_STRIP = NO;
				DEBUG_INFORMATION_FORMAT = "dwarf-with-dsym";
				ENABLE_NS_ASSERTIONS = NO;
				ENABLE_STRICT_OBJC_MSGSEND = YES;
				GCC_C_LANGUAGE_STANDARD = gnu11;
				GCC_NO_COMMON_BLOCKS = YES;
				GCC_WARN_64_TO_32_BIT_CONVERSION = YES;
				GCC_WARN_ABOUT_RETURN_TYPE = YES_ERROR;
				GCC_WARN_UNDECLARED_SELECTOR = YES;
				GCC_WARN_UNINITIALIZED_AUTOS = YES_AGGRESSIVE;
				GCC_WARN_UNUSED_FUNCTION = YES;
				GCC_WARN_UNUSED_VARIABLE = YES;
				IPHONEOS_DEPLOYMENT_TARGET = 14.4;
				MTL_ENABLE_DEBUG_INFO = NO;
				MTL_FAST_MATH = YES;
				SDKROOT = iphoneos;
				SWIFT_COMPILATION_MODE = wholemodule;
				SWIFT_OPTIMIZATION_LEVEL = "-O";
				VALIDATE_PRODUCT = YES;
			};
			name = Release;
		};
		36FBE9C12ACEC4A600141386 /* Debug */ = {
			isa = XCBuildConfiguration;
			buildSettings = {
				ASSETCATALOG_COMPILER_APPICON_NAME = AppIcon;
				ASSETCATALOG_COMPILER_GLOBAL_ACCENT_COLOR_NAME = AccentColor;
				CODE_SIGN_STYLE = Automatic;
				INFOPLIST_FILE = "02 Actividad/Info.plist";
				LD_RUNPATH_SEARCH_PATHS = (
					"$(inherited)",
					"@executable_path/Frameworks",
				);
				PRODUCT_BUNDLE_IDENTIFIER = "Alberto.cano.roca.-2-Actividad";
				PRODUCT_NAME = "$(TARGET_NAME)";
				SWIFT_VERSION = 5.0;
				TARGETED_DEVICE_FAMILY = "1,2";
			};
			name = Debug;
		};
		36FBE9C22ACEC4A600141386 /* Release */ = {
			isa = XCBuildConfiguration;
			buildSettings = {
				ASSETCATALOG_COMPILER_APPICON_NAME = AppIcon;
				ASSETCATALOG_COMPILER_GLOBAL_ACCENT_COLOR_NAME = AccentColor;
				CODE_SIGN_STYLE = Automatic;
				INFOPLIST_FILE = "02 Actividad/Info.plist";
				LD_RUNPATH_SEARCH_PATHS = (
					"$(inherited)",
					"@executable_path/Frameworks",
				);
				PRODUCT_BUNDLE_IDENTIFIER = "Alberto.cano.roca.-2-Actividad";
				PRODUCT_NAME = "$(TARGET_NAME)";
				SWIFT_VERSION = 5.0;
				TARGETED_DEVICE_FAMILY = "1,2";
			};
			name = Release;
		};
		36FBE9C42ACEC4A600141386 /* Debug */ = {
			isa = XCBuildConfiguration;
			buildSettings = {
				ALWAYS_EMBED_SWIFT_STANDARD_LIBRARIES = YES;
				BUNDLE_LOADER = "$(TEST_HOST)";
				CODE_SIGN_STYLE = Automatic;
				INFOPLIST_FILE = "02 ActividadTests/Info.plist";
				IPHONEOS_DEPLOYMENT_TARGET = 14.4;
				LD_RUNPATH_SEARCH_PATHS = (
					"$(inherited)",
					"@executable_path/Frameworks",
					"@loader_path/Frameworks",
				);
				PRODUCT_BUNDLE_IDENTIFIER = "Alberto.cano.roca.-2-ActividadTests";
				PRODUCT_NAME = "$(TARGET_NAME)";
				SWIFT_VERSION = 5.0;
				TARGETED_DEVICE_FAMILY = "1,2";
				TEST_HOST = "$(BUILT_PRODUCTS_DIR)/02 Actividad.app/02 Actividad";
			};
			name = Debug;
		};
		36FBE9C52ACEC4A600141386 /* Release */ = {
			isa = XCBuildConfiguration;
			buildSettings = {
				ALWAYS_EMBED_SWIFT_STANDARD_LIBRARIES = YES;
				BUNDLE_LOADER = "$(TEST_HOST)";
				CODE_SIGN_STYLE = Automatic;
				INFOPLIST_FILE = "02 ActividadTests/Info.plist";
				IPHONEOS_DEPLOYMENT_TARGET = 14.4;
				LD_RUNPATH_SEARCH_PATHS = (
					"$(inherited)",
					"@executable_path/Frameworks",
					"@loader_path/Frameworks",
				);
				PRODUCT_BUNDLE_IDENTIFIER = "Alberto.cano.roca.-2-ActividadTests";
				PRODUCT_NAME = "$(TARGET_NAME)";
				SWIFT_VERSION = 5.0;
				TARGETED_DEVICE_FAMILY = "1,2";
				TEST_HOST = "$(BUILT_PRODUCTS_DIR)/02 Actividad.app/02 Actividad";
			};
			name = Release;
		};
		36FBE9C72ACEC4A600141386 /* Debug */ = {
			isa = XCBuildConfiguration;
			buildSettings = {
				ALWAYS_EMBED_SWIFT_STANDARD_LIBRARIES = YES;
				CODE_SIGN_STYLE = Automatic;
				INFOPLIST_FILE = "02 ActividadUITests/Info.plist";
				LD_RUNPATH_SEARCH_PATHS = (
					"$(inherited)",
					"@executable_path/Frameworks",
					"@loader_path/Frameworks",
				);
				PRODUCT_BUNDLE_IDENTIFIER = "Alberto.cano.roca.-2-ActividadUITests";
				PRODUCT_NAME = "$(TARGET_NAME)";
				SWIFT_VERSION = 5.0;
				TARGETED_DEVICE_FAMILY = "1,2";
				TEST_TARGET_NAME = "02 Actividad";
			};
			name = Debug;
		};
		36FBE9C82ACEC4A600141386 /* Release */ = {
			isa = XCBuildConfiguration;
			buildSettings = {
				ALWAYS_EMBED_SWIFT_STANDARD_LIBRARIES = YES;
				CODE_SIGN_STYLE = Automatic;
				INFOPLIST_FILE = "02 ActividadUITests/Info.plist";
				LD_RUNPATH_SEARCH_PATHS = (
					"$(inherited)",
					"@executable_path/Frameworks",
					"@loader_path/Frameworks",
				);
				PRODUCT_BUNDLE_IDENTIFIER = "Alberto.cano.roca.-2-ActividadUITests";
				PRODUCT_NAME = "$(TARGET_NAME)";
				SWIFT_VERSION = 5.0;
				TARGETED_DEVICE_FAMILY = "1,2";
				TEST_TARGET_NAME = "02 Actividad";
			};
			name = Release;
		};
/* End XCBuildConfiguration section */

/* Begin XCConfigurationList section */
		36FBE9912ACEC4A500141386 /* Build configuration list for PBXProject "02 Actividad" */ = {
			isa = XCConfigurationList;
			buildConfigurations = (
				36FBE9BE2ACEC4A600141386 /* Debug */,
				36FBE9BF2ACEC4A600141386 /* Release */,
			);
			defaultConfigurationIsVisible = 0;
			defaultConfigurationName = Release;
		};
		36FBE9C02ACEC4A600141386 /* Build configuration list for PBXNativeTarget "02 Actividad" */ = {
			isa = XCConfigurationList;
			buildConfigurations = (
				36FBE9C12ACEC4A600141386 /* Debug */,
				36FBE9C22ACEC4A600141386 /* Release */,
			);
			defaultConfigurationIsVisible = 0;
			defaultConfigurationName = Release;
		};
		36FBE9C32ACEC4A600141386 /* Build configuration list for PBXNativeTarget "02 ActividadTests" */ = {
			isa = XCConfigurationList;
			buildConfigurations = (
				36FBE9C42ACEC4A600141386 /* Debug */,
				36FBE9C52ACEC4A600141386 /* Release */,
			);
			defaultConfigurationIsVisible = 0;
			defaultConfigurationName = Release;
		};
		36FBE9C62ACEC4A600141386 /* Build configuration list for PBXNativeTarget "02 ActividadUITests" */ = {
			isa = XCConfigurationList;
			buildConfigurations = (
				36FBE9C72ACEC4A600141386 /* Debug */,
				36FBE9C82ACEC4A600141386 /* Release */,
			);
			defaultConfigurationIsVisible = 0;
			defaultConfigurationName = Release;
		};
/* End XCConfigurationList section */
	};
	rootObject = 36FBE98E2ACEC4A500141386 /* Project object */;
}
